// !$*UTF8*$!
{
	archiveVersion = 1;
	classes = {
	};
	objectVersion = 46;
	objects = {

/* Begin PBXBuildFile section */
		1B1F43981D40114400256DB1 /* AppDelegate.swift in Sources */ = {isa = PBXBuildFile; fileRef = 1B1F43971D40114400256DB1 /* AppDelegate.swift */; };
		1B1F439A1D40114400256DB1 /* ViewController.swift in Sources */ = {isa = PBXBuildFile; fileRef = 1B1F43991D40114400256DB1 /* ViewController.swift */; };
		1B1F439D1D40114400256DB1 /* Main.storyboard in Resources */ = {isa = PBXBuildFile; fileRef = 1B1F439B1D40114400256DB1 /* Main.storyboard */; };
		1B1F439F1D40114400256DB1 /* Assets.xcassets in Resources */ = {isa = PBXBuildFile; fileRef = 1B1F439E1D40114400256DB1 /* Assets.xcassets */; };
		1B1F43A21D40114400256DB1 /* LaunchScreen.storyboard in Resources */ = {isa = PBXBuildFile; fileRef = 1B1F43A01D40114400256DB1 /* LaunchScreen.storyboard */; };
		1B1F43AD1D40114400256DB1 /* swift_tweetSentiment_labTests.swift in Sources */ = {isa = PBXBuildFile; fileRef = 1B1F43AC1D40114400256DB1 /* swift_tweetSentiment_labTests.swift */; };
		43ED3CB2744BEC7FFC332003 /* Pods_swift_tweetSentiment_labUITests.framework in Frameworks */ = {isa = PBXBuildFile; fileRef = 9B3BF10EA0660402B6165D25 /* Pods_swift_tweetSentiment_labUITests.framework */; };
		6765F9CA00720911E25400F0 /* Pods_swift_tweetSentiment_lab.framework in Frameworks */ = {isa = PBXBuildFile; fileRef = 308543A96756E65102F5F34D /* Pods_swift_tweetSentiment_lab.framework */; };
		695C0D25DA3F0F8CCF5A18C0 /* Pods_swift_tweetSentiment_labTests.framework in Frameworks */ = {isa = PBXBuildFile; fileRef = D448F1F047EBD394F8A83E11 /* Pods_swift_tweetSentiment_labTests.framework */; };
/* End PBXBuildFile section */

/* Begin PBXContainerItemProxy section */
		1B1F43A91D40114400256DB1 /* PBXContainerItemProxy */ = {
			isa = PBXContainerItemProxy;
			containerPortal = 1B1F438C1D40114400256DB1 /* Project object */;
			proxyType = 1;
			remoteGlobalIDString = 1B1F43931D40114400256DB1;
			remoteInfo = "swift-tweetSentiment-lab";
		};
		1B1F43B41D40114400256DB1 /* PBXContainerItemProxy */ = {
			isa = PBXContainerItemProxy;
			containerPortal = 1B1F438C1D40114400256DB1 /* Project object */;
			proxyType = 1;
			remoteGlobalIDString = 1B1F43931D40114400256DB1;
			remoteInfo = "swift-tweetSentiment-lab";
		};
/* End PBXContainerItemProxy section */

/* Begin PBXFileReference section */
		02153AC478140239EA51B469 /* Pods-swift-tweetSentiment-labUITests.release.xcconfig */ = {isa = PBXFileReference; includeInIndex = 1; lastKnownFileType = text.xcconfig; name = "Pods-swift-tweetSentiment-labUITests.release.xcconfig"; path = "Pods/Target Support Files/Pods-swift-tweetSentiment-labUITests/Pods-swift-tweetSentiment-labUITests.release.xcconfig"; sourceTree = "<group>"; };
		0901FF047BAB30BA8F15CA34 /* Pods-swift-tweetSentiment-labTests.debug.xcconfig */ = {isa = PBXFileReference; includeInIndex = 1; lastKnownFileType = text.xcconfig; name = "Pods-swift-tweetSentiment-labTests.debug.xcconfig"; path = "Pods/Target Support Files/Pods-swift-tweetSentiment-labTests/Pods-swift-tweetSentiment-labTests.debug.xcconfig"; sourceTree = "<group>"; };
		1085838AFC1BD06B635AA97B /* Pods-swift-tweetSentiment-lab.debug.xcconfig */ = {isa = PBXFileReference; includeInIndex = 1; lastKnownFileType = text.xcconfig; name = "Pods-swift-tweetSentiment-lab.debug.xcconfig"; path = "Pods/Target Support Files/Pods-swift-tweetSentiment-lab/Pods-swift-tweetSentiment-lab.debug.xcconfig"; sourceTree = "<group>"; };
		13C42C9D88FBEE387BC1F4CD /* Pods-swift-tweetSentiment-labTests.release.xcconfig */ = {isa = PBXFileReference; includeInIndex = 1; lastKnownFileType = text.xcconfig; name = "Pods-swift-tweetSentiment-labTests.release.xcconfig"; path = "Pods/Target Support Files/Pods-swift-tweetSentiment-labTests/Pods-swift-tweetSentiment-labTests.release.xcconfig"; sourceTree = "<group>"; };
		1B1F43941D40114400256DB1 /* swift-tweetSentiment-lab.app */ = {isa = PBXFileReference; explicitFileType = wrapper.application; includeInIndex = 0; path = "swift-tweetSentiment-lab.app"; sourceTree = BUILT_PRODUCTS_DIR; };
		1B1F43971D40114400256DB1 /* AppDelegate.swift */ = {isa = PBXFileReference; lastKnownFileType = sourcecode.swift; path = AppDelegate.swift; sourceTree = "<group>"; };
		1B1F43991D40114400256DB1 /* ViewController.swift */ = {isa = PBXFileReference; lastKnownFileType = sourcecode.swift; path = ViewController.swift; sourceTree = "<group>"; };
		1B1F439C1D40114400256DB1 /* Base */ = {isa = PBXFileReference; lastKnownFileType = file.storyboard; name = Base; path = Base.lproj/Main.storyboard; sourceTree = "<group>"; };
		1B1F439E1D40114400256DB1 /* Assets.xcassets */ = {isa = PBXFileReference; lastKnownFileType = folder.assetcatalog; path = Assets.xcassets; sourceTree = "<group>"; };
		1B1F43A11D40114400256DB1 /* Base */ = {isa = PBXFileReference; lastKnownFileType = file.storyboard; name = Base; path = Base.lproj/LaunchScreen.storyboard; sourceTree = "<group>"; };
		1B1F43A31D40114400256DB1 /* Info.plist */ = {isa = PBXFileReference; lastKnownFileType = text.plist.xml; path = Info.plist; sourceTree = "<group>"; };
		1B1F43A81D40114400256DB1 /* swift-tweetSentiment-labTests.xctest */ = {isa = PBXFileReference; explicitFileType = wrapper.cfbundle; includeInIndex = 0; path = "swift-tweetSentiment-labTests.xctest"; sourceTree = BUILT_PRODUCTS_DIR; };
		1B1F43AC1D40114400256DB1 /* swift_tweetSentiment_labTests.swift */ = {isa = PBXFileReference; lastKnownFileType = sourcecode.swift; path = swift_tweetSentiment_labTests.swift; sourceTree = "<group>"; };
		1B1F43AE1D40114400256DB1 /* Info.plist */ = {isa = PBXFileReference; lastKnownFileType = text.plist.xml; path = Info.plist; sourceTree = "<group>"; };
		1B1F43B31D40114400256DB1 /* swift-tweetSentiment-labUITests.xctest */ = {isa = PBXFileReference; explicitFileType = wrapper.cfbundle; includeInIndex = 0; path = "swift-tweetSentiment-labUITests.xctest"; sourceTree = BUILT_PRODUCTS_DIR; };
		308543A96756E65102F5F34D /* Pods_swift_tweetSentiment_lab.framework */ = {isa = PBXFileReference; explicitFileType = wrapper.framework; includeInIndex = 0; path = Pods_swift_tweetSentiment_lab.framework; sourceTree = BUILT_PRODUCTS_DIR; };
		47B245626172B7130EC0CD29 /* Pods-swift-tweetSentiment-labUITests.debug.xcconfig */ = {isa = PBXFileReference; includeInIndex = 1; lastKnownFileType = text.xcconfig; name = "Pods-swift-tweetSentiment-labUITests.debug.xcconfig"; path = "Pods/Target Support Files/Pods-swift-tweetSentiment-labUITests/Pods-swift-tweetSentiment-labUITests.debug.xcconfig"; sourceTree = "<group>"; };
		9B3BF10EA0660402B6165D25 /* Pods_swift_tweetSentiment_labUITests.framework */ = {isa = PBXFileReference; explicitFileType = wrapper.framework; includeInIndex = 0; path = Pods_swift_tweetSentiment_labUITests.framework; sourceTree = BUILT_PRODUCTS_DIR; };
		D448F1F047EBD394F8A83E11 /* Pods_swift_tweetSentiment_labTests.framework */ = {isa = PBXFileReference; explicitFileType = wrapper.framework; includeInIndex = 0; path = Pods_swift_tweetSentiment_labTests.framework; sourceTree = BUILT_PRODUCTS_DIR; };
		FFE119792B538E297B307F5E /* Pods-swift-tweetSentiment-lab.release.xcconfig */ = {isa = PBXFileReference; includeInIndex = 1; lastKnownFileType = text.xcconfig; name = "Pods-swift-tweetSentiment-lab.release.xcconfig"; path = "Pods/Target Support Files/Pods-swift-tweetSentiment-lab/Pods-swift-tweetSentiment-lab.release.xcconfig"; sourceTree = "<group>"; };
/* End PBXFileReference section */

/* Begin PBXFrameworksBuildPhase section */
		1B1F43911D40114400256DB1 /* Frameworks */ = {
			isa = PBXFrameworksBuildPhase;
			buildActionMask = 2147483647;
			files = (
				6765F9CA00720911E25400F0 /* Pods_swift_tweetSentiment_lab.framework in Frameworks */,
			);
			runOnlyForDeploymentPostprocessing = 0;
		};
		1B1F43A51D40114400256DB1 /* Frameworks */ = {
			isa = PBXFrameworksBuildPhase;
			buildActionMask = 2147483647;
			files = (
				695C0D25DA3F0F8CCF5A18C0 /* Pods_swift_tweetSentiment_labTests.framework in Frameworks */,
			);
			runOnlyForDeploymentPostprocessing = 0;
		};
		1B1F43B01D40114400256DB1 /* Frameworks */ = {
			isa = PBXFrameworksBuildPhase;
			buildActionMask = 2147483647;
			files = (
				43ED3CB2744BEC7FFC332003 /* Pods_swift_tweetSentiment_labUITests.framework in Frameworks */,
			);
			runOnlyForDeploymentPostprocessing = 0;
		};
/* End PBXFrameworksBuildPhase section */

/* Begin PBXGroup section */
		1B1F438B1D40114400256DB1 = {
			isa = PBXGroup;
			children = (
				1B1F43961D40114400256DB1 /* swift-tweetSentiment-lab */,
				1B1F43AB1D40114400256DB1 /* swift-tweetSentiment-labTests */,
				1B1F43951D40114400256DB1 /* Products */,
				66812871AB11053FF3A855B4 /* Pods */,
				6FF07A06F35C2E0DC69B074E /* Frameworks */,
			);
			sourceTree = "<group>";
		};
		1B1F43951D40114400256DB1 /* Products */ = {
			isa = PBXGroup;
			children = (
				1B1F43941D40114400256DB1 /* swift-tweetSentiment-lab.app */,
				1B1F43A81D40114400256DB1 /* swift-tweetSentiment-labTests.xctest */,
				1B1F43B31D40114400256DB1 /* swift-tweetSentiment-labUITests.xctest */,
			);
			name = Products;
			sourceTree = "<group>";
		};
		1B1F43961D40114400256DB1 /* swift-tweetSentiment-lab */ = {
			isa = PBXGroup;
			children = (
				1B1F43971D40114400256DB1 /* AppDelegate.swift */,
				1B1F43991D40114400256DB1 /* ViewController.swift */,
				1B1F439B1D40114400256DB1 /* Main.storyboard */,
				1B1F439E1D40114400256DB1 /* Assets.xcassets */,
				1B1F43A01D40114400256DB1 /* LaunchScreen.storyboard */,
				1B1F43A31D40114400256DB1 /* Info.plist */,
			);
			path = "swift-tweetSentiment-lab";
			sourceTree = "<group>";
		};
		1B1F43AB1D40114400256DB1 /* swift-tweetSentiment-labTests */ = {
			isa = PBXGroup;
			children = (
				1B1F43AC1D40114400256DB1 /* swift_tweetSentiment_labTests.swift */,
				1B1F43AE1D40114400256DB1 /* Info.plist */,
			);
			path = "swift-tweetSentiment-labTests";
			sourceTree = "<group>";
		};
		66812871AB11053FF3A855B4 /* Pods */ = {
			isa = PBXGroup;
			children = (
				1085838AFC1BD06B635AA97B /* Pods-swift-tweetSentiment-lab.debug.xcconfig */,
				FFE119792B538E297B307F5E /* Pods-swift-tweetSentiment-lab.release.xcconfig */,
				0901FF047BAB30BA8F15CA34 /* Pods-swift-tweetSentiment-labTests.debug.xcconfig */,
				13C42C9D88FBEE387BC1F4CD /* Pods-swift-tweetSentiment-labTests.release.xcconfig */,
				47B245626172B7130EC0CD29 /* Pods-swift-tweetSentiment-labUITests.debug.xcconfig */,
				02153AC478140239EA51B469 /* Pods-swift-tweetSentiment-labUITests.release.xcconfig */,
			);
			name = Pods;
			sourceTree = "<group>";
		};
		6FF07A06F35C2E0DC69B074E /* Frameworks */ = {
			isa = PBXGroup;
			children = (
				308543A96756E65102F5F34D /* Pods_swift_tweetSentiment_lab.framework */,
				D448F1F047EBD394F8A83E11 /* Pods_swift_tweetSentiment_labTests.framework */,
				9B3BF10EA0660402B6165D25 /* Pods_swift_tweetSentiment_labUITests.framework */,
			);
			name = Frameworks;
			sourceTree = "<group>";
		};
/* End PBXGroup section */

/* Begin PBXNativeTarget section */
		1B1F43931D40114400256DB1 /* swift-tweetSentiment-lab */ = {
			isa = PBXNativeTarget;
			buildConfigurationList = 1B1F43BC1D40114400256DB1 /* Build configuration list for PBXNativeTarget "swift-tweetSentiment-lab" */;
			buildPhases = (
				475CC6E5B4D0E285731E9718 /* 📦 Check Pods Manifest.lock */,
				1B1F43901D40114400256DB1 /* Sources */,
				1B1F43911D40114400256DB1 /* Frameworks */,
				1B1F43921D40114400256DB1 /* Resources */,
				ED3278E48B259E93509962EF /* 📦 Embed Pods Frameworks */,
				1229BD12BDF9FF7A947F015A /* 📦 Copy Pods Resources */,
			);
			buildRules = (
			);
			dependencies = (
			);
			name = "swift-tweetSentiment-lab";
			productName = "swift-tweetSentiment-lab";
			productReference = 1B1F43941D40114400256DB1 /* swift-tweetSentiment-lab.app */;
			productType = "com.apple.product-type.application";
		};
		1B1F43A71D40114400256DB1 /* swift-tweetSentiment-labTests */ = {
			isa = PBXNativeTarget;
			buildConfigurationList = 1B1F43BF1D40114400256DB1 /* Build configuration list for PBXNativeTarget "swift-tweetSentiment-labTests" */;
			buildPhases = (
				B2BDB4A14276D1396409AF1A /* 📦 Check Pods Manifest.lock */,
				1B1F43A41D40114400256DB1 /* Sources */,
				1B1F43A51D40114400256DB1 /* Frameworks */,
				1B1F43A61D40114400256DB1 /* Resources */,
				1B5624BB960FFA4B8B32BDF0 /* 📦 Embed Pods Frameworks */,
				D6BEFE33FBE1807BD995303E /* 📦 Copy Pods Resources */,
			);
			buildRules = (
			);
			dependencies = (
				1B1F43AA1D40114400256DB1 /* PBXTargetDependency */,
			);
			name = "swift-tweetSentiment-labTests";
			productName = "swift-tweetSentiment-labTests";
			productReference = 1B1F43A81D40114400256DB1 /* swift-tweetSentiment-labTests.xctest */;
			productType = "com.apple.product-type.bundle.unit-test";
		};
		1B1F43B21D40114400256DB1 /* swift-tweetSentiment-labUITests */ = {
			isa = PBXNativeTarget;
			buildConfigurationList = 1B1F43C21D40114400256DB1 /* Build configuration list for PBXNativeTarget "swift-tweetSentiment-labUITests" */;
			buildPhases = (
				A7805EEB25A826DD44D4AA55 /* 📦 Check Pods Manifest.lock */,
				1B1F43AF1D40114400256DB1 /* Sources */,
				1B1F43B01D40114400256DB1 /* Frameworks */,
				1B1F43B11D40114400256DB1 /* Resources */,
				CBFB12B4CDE1961DA093082F /* 📦 Copy Pods Resources */,
			);
			buildRules = (
			);
			dependencies = (
				1B1F43B51D40114400256DB1 /* PBXTargetDependency */,
			);
			name = "swift-tweetSentiment-labUITests";
			productName = "swift-tweetSentiment-labUITests";
			productReference = 1B1F43B31D40114400256DB1 /* swift-tweetSentiment-labUITests.xctest */;
			productType = "com.apple.product-type.bundle.ui-testing";
		};
/* End PBXNativeTarget section */

/* Begin PBXProject section */
		1B1F438C1D40114400256DB1 /* Project object */ = {
			isa = PBXProject;
			attributes = {
				LastSwiftUpdateCheck = 0730;
				LastUpgradeCheck = 0730;
				ORGANIZATIONNAME = "Flatiron School";
				TargetAttributes = {
					1B1F43931D40114400256DB1 = {
						CreatedOnToolsVersion = 7.3.1;
					};
					1B1F43A71D40114400256DB1 = {
						CreatedOnToolsVersion = 7.3.1;
						TestTargetID = 1B1F43931D40114400256DB1;
					};
					1B1F43B21D40114400256DB1 = {
						CreatedOnToolsVersion = 7.3.1;
						TestTargetID = 1B1F43931D40114400256DB1;
					};
				};
			};
			buildConfigurationList = 1B1F438F1D40114400256DB1 /* Build configuration list for PBXProject "swift-tweetSentiment-lab" */;
			compatibilityVersion = "Xcode 3.2";
			developmentRegion = English;
			hasScannedForEncodings = 0;
			knownRegions = (
				en,
				Base,
			);
			mainGroup = 1B1F438B1D40114400256DB1;
			productRefGroup = 1B1F43951D40114400256DB1 /* Products */;
			projectDirPath = "";
			projectRoot = "";
			targets = (
				1B1F43931D40114400256DB1 /* swift-tweetSentiment-lab */,
				1B1F43A71D40114400256DB1 /* swift-tweetSentiment-labTests */,
				1B1F43B21D40114400256DB1 /* swift-tweetSentiment-labUITests */,
			);
		};
/* End PBXProject section */

/* Begin PBXResourcesBuildPhase section */
		1B1F43921D40114400256DB1 /* Resources */ = {
			isa = PBXResourcesBuildPhase;
			buildActionMask = 2147483647;
			files = (
				1B1F43A21D40114400256DB1 /* LaunchScreen.storyboard in Resources */,
				1B1F439F1D40114400256DB1 /* Assets.xcassets in Resources */,
				1B1F439D1D40114400256DB1 /* Main.storyboard in Resources */,
			);
			runOnlyForDeploymentPostprocessing = 0;
		};
		1B1F43A61D40114400256DB1 /* Resources */ = {
			isa = PBXResourcesBuildPhase;
			buildActionMask = 2147483647;
			files = (
			);
			runOnlyForDeploymentPostprocessing = 0;
		};
		1B1F43B11D40114400256DB1 /* Resources */ = {
			isa = PBXResourcesBuildPhase;
			buildActionMask = 2147483647;
			files = (
			);
			runOnlyForDeploymentPostprocessing = 0;
		};
/* End PBXResourcesBuildPhase section */

/* Begin PBXShellScriptBuildPhase section */
		1229BD12BDF9FF7A947F015A /* 📦 Copy Pods Resources */ = {
			isa = PBXShellScriptBuildPhase;
			buildActionMask = 2147483647;
			files = (
			);
			inputPaths = (
			);
			name = "📦 Copy Pods Resources";
			outputPaths = (
			);
			runOnlyForDeploymentPostprocessing = 0;
			shellPath = /bin/sh;
			shellScript = "\"${SRCROOT}/Pods/Target Support Files/Pods-swift-tweetSentiment-lab/Pods-swift-tweetSentiment-lab-resources.sh\"\n";
			showEnvVarsInLog = 0;
		};
		1B5624BB960FFA4B8B32BDF0 /* 📦 Embed Pods Frameworks */ = {
			isa = PBXShellScriptBuildPhase;
			buildActionMask = 2147483647;
			files = (
			);
			inputPaths = (
			);
			name = "📦 Embed Pods Frameworks";
			outputPaths = (
			);
			runOnlyForDeploymentPostprocessing = 0;
			shellPath = /bin/sh;
			shellScript = "\"${SRCROOT}/Pods/Target Support Files/Pods-swift-tweetSentiment-labTests/Pods-swift-tweetSentiment-labTests-frameworks.sh\"\n";
			showEnvVarsInLog = 0;
		};
		475CC6E5B4D0E285731E9718 /* 📦 Check Pods Manifest.lock */ = {
			isa = PBXShellScriptBuildPhase;
			buildActionMask = 2147483647;
			files = (
			);
			inputPaths = (
			);
			name = "📦 Check Pods Manifest.lock";
			outputPaths = (
			);
			runOnlyForDeploymentPostprocessing = 0;
			shellPath = /bin/sh;
			shellScript = "diff \"${PODS_ROOT}/../Podfile.lock\" \"${PODS_ROOT}/Manifest.lock\" > /dev/null\nif [[ $? != 0 ]] ; then\n    cat << EOM\nerror: The sandbox is not in sync with the Podfile.lock. Run 'pod install' or update your CocoaPods installation.\nEOM\n    exit 1\nfi\n";
			showEnvVarsInLog = 0;
		};
		A7805EEB25A826DD44D4AA55 /* 📦 Check Pods Manifest.lock */ = {
			isa = PBXShellScriptBuildPhase;
			buildActionMask = 2147483647;
			files = (
			);
			inputPaths = (
			);
			name = "📦 Check Pods Manifest.lock";
			outputPaths = (
			);
			runOnlyForDeploymentPostprocessing = 0;
			shellPath = /bin/sh;
			shellScript = "diff \"${PODS_ROOT}/../Podfile.lock\" \"${PODS_ROOT}/Manifest.lock\" > /dev/null\nif [[ $? != 0 ]] ; then\n    cat << EOM\nerror: The sandbox is not in sync with the Podfile.lock. Run 'pod install' or update your CocoaPods installation.\nEOM\n    exit 1\nfi\n";
			showEnvVarsInLog = 0;
		};
		B2BDB4A14276D1396409AF1A /* 📦 Check Pods Manifest.lock */ = {
			isa = PBXShellScriptBuildPhase;
			buildActionMask = 2147483647;
			files = (
			);
			inputPaths = (
			);
			name = "📦 Check Pods Manifest.lock";
			outputPaths = (
			);
			runOnlyForDeploymentPostprocessing = 0;
			shellPath = /bin/sh;
			shellScript = "diff \"${PODS_ROOT}/../Podfile.lock\" \"${PODS_ROOT}/Manifest.lock\" > /dev/null\nif [[ $? != 0 ]] ; then\n    cat << EOM\nerror: The sandbox is not in sync with the Podfile.lock. Run 'pod install' or update your CocoaPods installation.\nEOM\n    exit 1\nfi\n";
			showEnvVarsInLog = 0;
		};
		CBFB12B4CDE1961DA093082F /* 📦 Copy Pods Resources */ = {
			isa = PBXShellScriptBuildPhase;
			buildActionMask = 2147483647;
			files = (
			);
			inputPaths = (
			);
			name = "📦 Copy Pods Resources";
			outputPaths = (
			);
			runOnlyForDeploymentPostprocessing = 0;
			shellPath = /bin/sh;
			shellScript = "\"${SRCROOT}/Pods/Target Support Files/Pods-swift-tweetSentiment-labUITests/Pods-swift-tweetSentiment-labUITests-resources.sh\"\n";
			showEnvVarsInLog = 0;
		};
		D6BEFE33FBE1807BD995303E /* 📦 Copy Pods Resources */ = {
			isa = PBXShellScriptBuildPhase;
			buildActionMask = 2147483647;
			files = (
			);
			inputPaths = (
			);
			name = "📦 Copy Pods Resources";
			outputPaths = (
			);
			runOnlyForDeploymentPostprocessing = 0;
			shellPath = /bin/sh;
			shellScript = "\"${SRCROOT}/Pods/Target Support Files/Pods-swift-tweetSentiment-labTests/Pods-swift-tweetSentiment-labTests-resources.sh\"\n";
			showEnvVarsInLog = 0;
		};
		ED3278E48B259E93509962EF /* 📦 Embed Pods Frameworks */ = {
			isa = PBXShellScriptBuildPhase;
			buildActionMask = 2147483647;
			files = (
			);
			inputPaths = (
			);
			name = "📦 Embed Pods Frameworks";
			outputPaths = (
			);
			runOnlyForDeploymentPostprocessing = 0;
			shellPath = /bin/sh;
			shellScript = "\"${SRCROOT}/Pods/Target Support Files/Pods-swift-tweetSentiment-lab/Pods-swift-tweetSentiment-lab-frameworks.sh\"\n";
			showEnvVarsInLog = 0;
		};
/* End PBXShellScriptBuildPhase section */

/* Begin PBXSourcesBuildPhase section */
		1B1F43901D40114400256DB1 /* Sources */ = {
			isa = PBXSourcesBuildPhase;
			buildActionMask = 2147483647;
			files = (
				1B1F439A1D40114400256DB1 /* ViewController.swift in Sources */,
				1B1F43981D40114400256DB1 /* AppDelegate.swift in Sources */,
			);
			runOnlyForDeploymentPostprocessing = 0;
		};
		1B1F43A41D40114400256DB1 /* Sources */ = {
			isa = PBXSourcesBuildPhase;
			buildActionMask = 2147483647;
			files = (
				1B1F43AD1D40114400256DB1 /* swift_tweetSentiment_labTests.swift in Sources */,
			);
			runOnlyForDeploymentPostprocessing = 0;
		};
		1B1F43AF1D40114400256DB1 /* Sources */ = {
			isa = PBXSourcesBuildPhase;
			buildActionMask = 2147483647;
			files = (
			);
			runOnlyForDeploymentPostprocessing = 0;
		};
/* End PBXSourcesBuildPhase section */

/* Begin PBXTargetDependency section */
		1B1F43AA1D40114400256DB1 /* PBXTargetDependency */ = {
			isa = PBXTargetDependency;
			target = 1B1F43931D40114400256DB1 /* swift-tweetSentiment-lab */;
			targetProxy = 1B1F43A91D40114400256DB1 /* PBXContainerItemProxy */;
		};
		1B1F43B51D40114400256DB1 /* PBXTargetDependency */ = {
			isa = PBXTargetDependency;
			target = 1B1F43931D40114400256DB1 /* swift-tweetSentiment-lab */;
			targetProxy = 1B1F43B41D40114400256DB1 /* PBXContainerItemProxy */;
		};
/* End PBXTargetDependency section */

/* Begin PBXVariantGroup section */
		1B1F439B1D40114400256DB1 /* Main.storyboard */ = {
			isa = PBXVariantGroup;
			children = (
				1B1F439C1D40114400256DB1 /* Base */,
			);
			name = Main.storyboard;
			sourceTree = "<group>";
		};
		1B1F43A01D40114400256DB1 /* LaunchScreen.storyboard */ = {
			isa = PBXVariantGroup;
			children = (
				1B1F43A11D40114400256DB1 /* Base */,
			);
			name = LaunchScreen.storyboard;
			sourceTree = "<group>";
		};
/* End PBXVariantGroup section */

/* Begin XCBuildConfiguration section */
		1B1F43BA1D40114400256DB1 /* Debug */ = {
			isa = XCBuildConfiguration;
			buildSettings = {
				ALWAYS_SEARCH_USER_PATHS = NO;
				CLANG_ANALYZER_NONNULL = YES;
				CLANG_CXX_LANGUAGE_STANDARD = "gnu++0x";
				CLANG_CXX_LIBRARY = "libc++";
				CLANG_ENABLE_MODULES = YES;
				CLANG_ENABLE_OBJC_ARC = YES;
				CLANG_WARN_BOOL_CONVERSION = YES;
				CLANG_WARN_CONSTANT_CONVERSION = YES;
				CLANG_WARN_DIRECT_OBJC_ISA_USAGE = YES_ERROR;
				CLANG_WARN_EMPTY_BODY = YES;
				CLANG_WARN_ENUM_CONVERSION = YES;
				CLANG_WARN_INT_CONVERSION = YES;
				CLANG_WARN_OBJC_ROOT_CLASS = YES_ERROR;
				CLANG_WARN_UNREACHABLE_CODE = YES;
				CLANG_WARN__DUPLICATE_METHOD_MATCH = YES;
				"CODE_SIGN_IDENTITY[sdk=iphoneos*]" = "iPhone Developer";
				COPY_PHASE_STRIP = NO;
				DEBUG_INFORMATION_FORMAT = dwarf;
				ENABLE_STRICT_OBJC_MSGSEND = YES;
				ENABLE_TESTABILITY = YES;
				GCC_C_LANGUAGE_STANDARD = gnu99;
				GCC_DYNAMIC_NO_PIC = NO;
				GCC_NO_COMMON_BLOCKS = YES;
				GCC_OPTIMIZATION_LEVEL = 0;
				GCC_PREPROCESSOR_DEFINITIONS = (
					"DEBUG=1",
					"$(inherited)",
				);
				GCC_WARN_64_TO_32_BIT_CONVERSION = YES;
				GCC_WARN_ABOUT_RETURN_TYPE = YES_ERROR;
				GCC_WARN_UNDECLARED_SELECTOR = YES;
				GCC_WARN_UNINITIALIZED_AUTOS = YES_AGGRESSIVE;
				GCC_WARN_UNUSED_FUNCTION = YES;
				GCC_WARN_UNUSED_VARIABLE = YES;
				IPHONEOS_DEPLOYMENT_TARGET = 9.3;
				MTL_ENABLE_DEBUG_INFO = YES;
				ONLY_ACTIVE_ARCH = YES;
				SDKROOT = iphoneos;
				SWIFT_OPTIMIZATION_LEVEL = "-Onone";
			};
			name = Debug;
		};
		1B1F43BB1D40114400256DB1 /* Release */ = {
			isa = XCBuildConfiguration;
			buildSettings = {
				ALWAYS_SEARCH_USER_PATHS = NO;
				CLANG_ANALYZER_NONNULL = YES;
				CLANG_CXX_LANGUAGE_STANDARD = "gnu++0x";
				CLANG_CXX_LIBRARY = "libc++";
				CLANG_ENABLE_MODULES = YES;
				CLANG_ENABLE_OBJC_ARC = YES;
				CLANG_WARN_BOOL_CONVERSION = YES;
				CLANG_WARN_CONSTANT_CONVERSION = YES;
				CLANG_WARN_DIRECT_OBJC_ISA_USAGE = YES_ERROR;
				CLANG_WARN_EMPTY_BODY = YES;
				CLANG_WARN_ENUM_CONVERSION = YES;
				CLANG_WARN_INT_CONVERSION = YES;
				CLANG_WARN_OBJC_ROOT_CLASS = YES_ERROR;
				CLANG_WARN_UNREACHABLE_CODE = YES;
				CLANG_WARN__DUPLICATE_METHOD_MATCH = YES;
				"CODE_SIGN_IDENTITY[sdk=iphoneos*]" = "iPhone Developer";
				COPY_PHASE_STRIP = NO;
				DEBUG_INFORMATION_FORMAT = "dwarf-with-dsym";
				ENABLE_NS_ASSERTIONS = NO;
				ENABLE_STRICT_OBJC_MSGSEND = YES;
				GCC_C_LANGUAGE_STANDARD = gnu99;
				GCC_NO_COMMON_BLOCKS = YES;
				GCC_WARN_64_TO_32_BIT_CONVERSION = YES;
				GCC_WARN_ABOUT_RETURN_TYPE = YES_ERROR;
				GCC_WARN_UNDECLARED_SELECTOR = YES;
				GCC_WARN_UNINITIALIZED_AUTOS = YES_AGGRESSIVE;
				GCC_WARN_UNUSED_FUNCTION = YES;
				GCC_WARN_UNUSED_VARIABLE = YES;
				IPHONEOS_DEPLOYMENT_TARGET = 9.3;
				MTL_ENABLE_DEBUG_INFO = NO;
				SDKROOT = iphoneos;
				VALIDATE_PRODUCT = YES;
			};
			name = Release;
		};
		1B1F43BD1D40114400256DB1 /* Debug */ = {
			isa = XCBuildConfiguration;
			baseConfigurationReference = 1085838AFC1BD06B635AA97B /* Pods-swift-tweetSentiment-lab.debug.xcconfig */;
			buildSettings = {
				ASSETCATALOG_COMPILER_APPICON_NAME = AppIcon;
				INFOPLIST_FILE = "swift-tweetSentiment-lab/Info.plist";
				LD_RUNPATH_SEARCH_PATHS = "$(inherited) @executable_path/Frameworks";
				PRODUCT_BUNDLE_IDENTIFIER = "FlatironSchool.com.swift-tweetSentiment-lab";
				PRODUCT_NAME = "$(TARGET_NAME)";
			};
			name = Debug;
		};
		1B1F43BE1D40114400256DB1 /* Release */ = {
			isa = XCBuildConfiguration;
			baseConfigurationReference = FFE119792B538E297B307F5E /* Pods-swift-tweetSentiment-lab.release.xcconfig */;
			buildSettings = {
				ASSETCATALOG_COMPILER_APPICON_NAME = AppIcon;
				INFOPLIST_FILE = "swift-tweetSentiment-lab/Info.plist";
				LD_RUNPATH_SEARCH_PATHS = "$(inherited) @executable_path/Frameworks";
				PRODUCT_BUNDLE_IDENTIFIER = "FlatironSchool.com.swift-tweetSentiment-lab";
				PRODUCT_NAME = "$(TARGET_NAME)";
			};
			name = Release;
		};
		1B1F43C01D40114400256DB1 /* Debug */ = {
			isa = XCBuildConfiguration;
			baseConfigurationReference = 0901FF047BAB30BA8F15CA34 /* Pods-swift-tweetSentiment-labTests.debug.xcconfig */;
			buildSettings = {
				BUNDLE_LOADER = "$(TEST_HOST)";
				INFOPLIST_FILE = "swift-tweetSentiment-labTests/Info.plist";
				LD_RUNPATH_SEARCH_PATHS = "$(inherited) @executable_path/Frameworks @loader_path/Frameworks";
				PRODUCT_BUNDLE_IDENTIFIER = "FlatironSchool.com.swift-tweetSentiment-labTests";
				PRODUCT_NAME = "$(TARGET_NAME)";
				TEST_HOST = "$(BUILT_PRODUCTS_DIR)/swift-tweetSentiment-lab.app/swift-tweetSentiment-lab";
			};
			name = Debug;
		};
		1B1F43C11D40114400256DB1 /* Release */ = {
			isa = XCBuildConfiguration;
			baseConfigurationReference = 13C42C9D88FBEE387BC1F4CD /* Pods-swift-tweetSentiment-labTests.release.xcconfig */;
			buildSettings = {
				BUNDLE_LOADER = "$(TEST_HOST)";
				INFOPLIST_FILE = "swift-tweetSentiment-labTests/Info.plist";
				LD_RUNPATH_SEARCH_PATHS = "$(inherited) @executable_path/Frameworks @loader_path/Frameworks";
				PRODUCT_BUNDLE_IDENTIFIER = "FlatironSchool.com.swift-tweetSentiment-labTests";
				PRODUCT_NAME = "$(TARGET_NAME)";
				TEST_HOST = "$(BUILT_PRODUCTS_DIR)/swift-tweetSentiment-lab.app/swift-tweetSentiment-lab";
			};
			name = Release;
		};
		1B1F43C31D40114400256DB1 /* Debug */ = {
			isa = XCBuildConfiguration;
			baseConfigurationReference = 47B245626172B7130EC0CD29 /* Pods-swift-tweetSentiment-labUITests.debug.xcconfig */;
			buildSettings = {
				INFOPLIST_FILE = "swift-tweetSentiment-labUITests/Info.plist";
				LD_RUNPATH_SEARCH_PATHS = "$(inherited) @executable_path/Frameworks @loader_path/Frameworks";
				PRODUCT_BUNDLE_IDENTIFIER = "FlatironSchool.com.swift-tweetSentiment-labUITests";
				PRODUCT_NAME = "$(TARGET_NAME)";
				TEST_TARGET_NAME = "swift-tweetSentiment-lab";
			};
			name = Debug;
		};
		1B1F43C41D40114400256DB1 /* Release */ = {
			isa = XCBuildConfiguration;
			baseConfigurationReference = 02153AC478140239EA51B469 /* Pods-swift-tweetSentiment-labUITests.release.xcconfig */;
			buildSettings = {
				INFOPLIST_FILE = "swift-tweetSentiment-labUITests/Info.plist";
				LD_RUNPATH_SEARCH_PATHS = "$(inherited) @executable_path/Frameworks @loader_path/Frameworks";
				PRODUCT_BUNDLE_IDENTIFIER = "FlatironSchool.com.swift-tweetSentiment-labUITests";
				PRODUCT_NAME = "$(TARGET_NAME)";
				TEST_TARGET_NAME = "swift-tweetSentiment-lab";
			};
			name = Release;
		};
/* End XCBuildConfiguration section */

/* Begin XCConfigurationList section */
		1B1F438F1D40114400256DB1 /* Build configuration list for PBXProject "swift-tweetSentiment-lab" */ = {
			isa = XCConfigurationList;
			buildConfigurations = (
				1B1F43BA1D40114400256DB1 /* Debug */,
				1B1F43BB1D40114400256DB1 /* Release */,
			);
			defaultConfigurationIsVisible = 0;
			defaultConfigurationName = Release;
		};
		1B1F43BC1D40114400256DB1 /* Build configuration list for PBXNativeTarget "swift-tweetSentiment-lab" */ = {
			isa = XCConfigurationList;
			buildConfigurations = (
				1B1F43BD1D40114400256DB1 /* Debug */,
				1B1F43BE1D40114400256DB1 /* Release */,
			);
			defaultConfigurationIsVisible = 0;
			defaultConfigurationName = Release;
		};
		1B1F43BF1D40114400256DB1 /* Build configuration list for PBXNativeTarget "swift-tweetSentiment-labTests" */ = {
			isa = XCConfigurationList;
			buildConfigurations = (
				1B1F43C01D40114400256DB1 /* Debug */,
				1B1F43C11D40114400256DB1 /* Release */,
			);
			defaultConfigurationIsVisible = 0;
			defaultConfigurationName = Release;
		};
		1B1F43C21D40114400256DB1 /* Build configuration list for PBXNativeTarget "swift-tweetSentiment-labUITests" */ = {
			isa = XCConfigurationList;
			buildConfigurations = (
				1B1F43C31D40114400256DB1 /* Debug */,
				1B1F43C41D40114400256DB1 /* Release */,
			);
			defaultConfigurationIsVisible = 0;
			defaultConfigurationName = Release;
		};
/* End XCConfigurationList section */
	};
	rootObject = 1B1F438C1D40114400256DB1 /* Project object */;
}
